
Microsoft Visual Studio Solution File, Format Version 12.00
# Visual Studio Version 17
VisualStudioVersion = 17.4.33205.214
MinimumVisualStudioVersion = 10.0.40219.1
Project("{FAE04EC0-301F-11D3-BF4B-00C04F79EFBC}") = "CourierService", "CourierService\CourierService.csproj", "{3D26A2D2-1674-43F7-8237-87A7698B9D87}"
EndProject
Project("{FAE04EC0-301F-11D3-BF4B-00C04F79EFBC}") = "CourierService.Core", "CourierService.Core\CourierService.Core.csproj", "{A7781A01-CA86-4F2F-A5AF-984EB46891BE}"
EndProject
Project("{FAE04EC0-301F-11D3-BF4B-00C04F79EFBC}") = "CourierService.Infrastructure", "CourierService.Infrastructure\CourierService.Infrastructure.csproj", "{D797E14B-E2BC-4651-B902-2C247663F761}"
EndProject
Global
	GlobalSection(SolutionConfigurationPlatforms) = preSolution
		Debug|Any CPU = Debug|Any CPU
		Release|Any CPU = Release|Any CPU
	EndGlobalSection
	GlobalSection(ProjectConfigurationPlatforms) = postSolution
		{3D26A2D2-1674-43F7-8237-87A7698B9D87}.Debug|Any CPU.ActiveCfg = Debug|Any CPU
		{3D26A2D2-1674-43F7-8237-87A7698B9D87}.Debug|Any CPU.Build.0 = Debug|Any CPU
		{3D26A2D2-1674-43F7-8237-87A7698B9D87}.Release|Any CPU.ActiveCfg = Release|Any CPU
		{3D26A2D2-1674-43F7-8237-87A7698B9D87}.Release|Any CPU.Build.0 = Release|Any CPU
		{A7781A01-CA86-4F2F-A5AF-984EB46891BE}.Debug|Any CPU.ActiveCfg = Debug|Any CPU
		{A7781A01-CA86-4F2F-A5AF-984EB46891BE}.Debug|Any CPU.Build.0 = Debug|Any CPU
		{A7781A01-CA86-4F2F-A5AF-984EB46891BE}.Release|Any CPU.ActiveCfg = Release|Any CPU
		{A7781A01-CA86-4F2F-A5AF-984EB46891BE}.Release|Any CPU.Build.0 = Release|Any CPU
		{D797E14B-E2BC-4651-B902-2C247663F761}.Debug|Any CPU.ActiveCfg = Debug|Any CPU
		{D797E14B-E2BC-4651-B902-2C247663F761}.Debug|Any CPU.Build.0 = Debug|Any CPU
		{D797E14B-E2BC-4651-B902-2C247663F761}.Release|Any CPU.ActiveCfg = Release|Any CPU
		{D797E14B-E2BC-4651-B902-2C247663F761}.Release|Any CPU.Build.0 = Release|Any CPU
	EndGlobalSection
	GlobalSection(SolutionProperties) = preSolution
		HideSolutionNode = FALSE
	EndGlobalSection
	GlobalSection(ExtensibilityGlobals) = postSolution
		SolutionGuid = {188D1A2C-2086-4AB8-A194-F630D07693E1}
	EndGlobalSection
EndGlobal
